
Microsoft Visual Studio Solution File, Format Version 12.00
# Visual Studio 15
VisualStudioVersion = 15.0.28307.168
MinimumVisualStudioVersion = 10.0.40219.1
Project("{FAE04EC0-301F-11D3-BF4B-00C04F79EFBC}") = "Сalculator", "Сalculator\Сalculator.csproj", "{D52708B1-AB7E-497E-BC00-A0CDC5F999D6}"
EndProject
Global
	GlobalSection(SolutionConfigurationPlatforms) = preSolution
		Debug|Any CPU = Debug|Any CPU
		Release|Any CPU = Release|Any CPU
	EndGlobalSection
	GlobalSection(ProjectConfigurationPlatforms) = postSolution
		{D52708B1-AB7E-497E-BC00-A0CDC5F999D6}.Debug|Any CPU.ActiveCfg = Debug|Any CPU
		{D52708B1-AB7E-497E-BC00-A0CDC5F999D6}.Debug|Any CPU.Build.0 = Debug|Any CPU
		{D52708B1-AB7E-497E-BC00-A0CDC5F999D6}.Release|Any CPU.ActiveCfg = Release|Any CPU
		{D52708B1-AB7E-497E-BC00-A0CDC5F999D6}.Release|Any CPU.Build.0 = Release|Any CPU
	EndGlobalSection
	GlobalSection(SolutionProperties) = preSolution
		HideSolutionNode = FALSE
	EndGlobalSection
	GlobalSection(ExtensibilityGlobals) = postSolution
		SolutionGuid = {5D344BFD-7D5B-47C9-950F-17516C1E5962}
	EndGlobalSection
EndGlobal
